
Microsoft Visual Studio Solution File, Format Version 12.00
# Visual Studio Version 16
VisualStudioVersion = 16.0.30104.148
MinimumVisualStudioVersion = 10.0.40219.1
Project("{FAE04EC0-301F-11D3-BF4B-00C04F79EFBC}") = "WorkOrderExtractorErmeo", "WorkOrderExtractorErmeo.csproj", "{3A412AEC-E006-404C-8032-64211E232DF5}"
EndProject
Global
	GlobalSection(SolutionConfigurationPlatforms) = preSolution
		Debug|Any CPU = Debug|Any CPU
		Release|Any CPU = Release|Any CPU
	EndGlobalSection
	GlobalSection(ProjectConfigurationPlatforms) = postSolution
		{3A412AEC-E006-404C-8032-64211E232DF5}.Debug|Any CPU.ActiveCfg = Debug|Any CPU
		{3A412AEC-E006-404C-8032-64211E232DF5}.Debug|Any CPU.Build.0 = Debug|Any CPU
		{3A412AEC-E006-404C-8032-64211E232DF5}.Release|Any CPU.ActiveCfg = Release|Any CPU
		{3A412AEC-E006-404C-8032-64211E232DF5}.Release|Any CPU.Build.0 = Release|Any CPU
	EndGlobalSection
	GlobalSection(SolutionProperties) = preSolution
		HideSolutionNode = FALSE
	EndGlobalSection
	GlobalSection(ExtensibilityGlobals) = postSolution
		SolutionGuid = {5844D5EE-8572-4676-97B0-8322102C8E1C}
	EndGlobalSection
EndGlobal
